// !$*UTF8*$!
{
	archiveVersion = 1;
	classes = {
	};
	objectVersion = 63;
	objects = {

/* Begin PBXBuildFile section */
		099EF2791E5551E01AA2583D /* Namelista.xcodeproj in Resources */ = {isa = PBXBuildFile; fileRef = "TEMP_9E58CE20-CD4E-4298-8208-B6098B94B059" /* Namelista.xcodeproj */; };
		40F9F235B06DECF7AC5048D9 /* WheelView.swift in Sources */ = {isa = PBXBuildFile; fileRef = "TEMP_AC9D7681-3F5F-47DB-98DF-86EF8B84F68C" /* WheelView.swift */; };
		8FBD925666AD7A0E26C81240 /* NamelistaApp.swift in Sources */ = {isa = PBXBuildFile; fileRef = "TEMP_53821C98-48C6-4A19-9CE3-3D497E4D8E19" /* NamelistaApp.swift */; };
		F133B6F1604B50E9C672F5D9 /* ContentView.swift in Sources */ = {isa = PBXBuildFile; fileRef = "TEMP_89B47B17-ED95-4830-915B-8A5EFAFEA9F0" /* ContentView.swift */; };
/* End PBXBuildFile section */

/* Begin PBXFileReference section */
		9731DBCEF23E8F4FFD18E20D /* Namelista.app */ = {isa = PBXFileReference; includeInIndex = 0; lastKnownFileType = wrapper.application; path = Namelista.app; sourceTree = BUILT_PRODUCTS_DIR; };
		"TEMP_53821C98-48C6-4A19-9CE3-3D497E4D8E19" /* NamelistaApp.swift */ = {isa = PBXFileReference; lastKnownFileType = sourcecode.swift; path = NamelistaApp.swift; sourceTree = "<group>"; };
		"TEMP_89B47B17-ED95-4830-915B-8A5EFAFEA9F0" /* ContentView.swift */ = {isa = PBXFileReference; lastKnownFileType = sourcecode.swift; path = ContentView.swift; sourceTree = "<group>"; };
		"TEMP_9E58CE20-CD4E-4298-8208-B6098B94B059" /* Namelista.xcodeproj */ = {isa = PBXFileReference; lastKnownFileType = "wrapper.pb-project"; path = Namelista.xcodeproj; sourceTree = "<group>"; };
		"TEMP_AC9D7681-3F5F-47DB-98DF-86EF8B84F68C" /* WheelView.swift */ = {isa = PBXFileReference; lastKnownFileType = sourcecode.swift; path = WheelView.swift; sourceTree = "<group>"; };
/* End PBXFileReference section */

/* Begin PBXGroup section */
		04555A0D2E8E6D1B00BE8CFC /* Recovered References */ = {
			isa = PBXGroup;
			children = (
				"TEMP_89B47B17-ED95-4830-915B-8A5EFAFEA9F0" /* ContentView.swift */,
				"TEMP_53821C98-48C6-4A19-9CE3-3D497E4D8E19" /* NamelistaApp.swift */,
				"TEMP_AC9D7681-3F5F-47DB-98DF-86EF8B84F68C" /* WheelView.swift */,
				"TEMP_9E58CE20-CD4E-4298-8208-B6098B94B059" /* Namelista.xcodeproj */,
			);
			name = "Recovered References";
			sourceTree = "<group>";
		};
		04555A0E2E8E6D1B00BE8CFC /* Products */ = {
			isa = PBXGroup;
			name = Products;
			sourceTree = "<group>";
		};
		6C19B14C24899E40CDBA5353 = {
			isa = PBXGroup;
			children = (
				CC9F70CAFD513F9FB879A7DF /* Products */,
				04555A0D2E8E6D1B00BE8CFC /* Recovered References */,
			);
			sourceTree = "<group>";
		};
		CC9F70CAFD513F9FB879A7DF /* Products */ = {
			isa = PBXGroup;
			children = (
				9731DBCEF23E8F4FFD18E20D /* Namelista.app */,
			);
			name = Products;
			sourceTree = "<group>";
		};
/* End PBXGroup section */

/* Begin PBXNativeTarget section */
		B3D2DF2EAE682C988D18E041 /* Namelista */ = {
			isa = PBXNativeTarget;
			buildConfigurationList = 6FABD8DA6430E4C02FF39E24 /* Build configuration list for PBXNativeTarget "Namelista" */;
			buildPhases = (
				21409025F4BB1DADD1DF268A /* Sources */,
				873D98A3E092440E658F0A93 /* Resources */,
			);
			buildRules = (
			);
			dependencies = (
			);
			name = Namelista;
			packageProductDependencies = (
			);
			productName = Namelista;
			productReference = 9731DBCEF23E8F4FFD18E20D /* Namelista.app */;
			productType = "com.apple.product-type.application";
		};
/* End PBXNativeTarget section */

/* Begin PBXProject section */
		988AD3F4C3988F6C657FB5DB /* Project object */ = {
			isa = PBXProject;
			attributes = {
				BuildIndependentTargetsInParallel = YES;
				LastUpgradeCheck = 1430;
			};
			buildConfigurationList = 47F3452B563435A38101C867 /* Build configuration list for PBXProject "Namelista" */;
			compatibilityVersion = "Xcode 14.0";
			developmentRegion = en;
			hasScannedForEncodings = 0;
			knownRegions = (
				Base,
				en,
			);
			mainGroup = 6C19B14C24899E40CDBA5353;
			minimizedProjectReferenceProxies = 1;
			projectDirPath = "";
			projectReferences = (
				{
					ProductGroup = 04555A0E2E8E6D1B00BE8CFC /* Products */;
					ProjectRef = "TEMP_9E58CE20-CD4E-4298-8208-B6098B94B059" /* Namelista.xcodeproj */;
				},
			);
			projectRoot = "";
			targets = (
				B3D2DF2EAE682C988D18E041 /* Namelista */,
			);
		};
/* End PBXProject section */

/* Begin PBXResourcesBuildPhase section */
		873D98A3E092440E658F0A93 /* Resources */ = {
			isa = PBXResourcesBuildPhase;
			buildActionMask = 2147483647;
			files = (
				099EF2791E5551E01AA2583D /* Namelista.xcodeproj in Resources */,
			);
			runOnlyForDeploymentPostprocessing = 0;
		};
/* End PBXResourcesBuildPhase section */

/* Begin PBXSourcesBuildPhase section */
		21409025F4BB1DADD1DF268A /* Sources */ = {
			isa = PBXSourcesBuildPhase;
			buildActionMask = 2147483647;
			files = (
				F133B6F1604B50E9C672F5D9 /* ContentView.swift in Sources */,
				8FBD925666AD7A0E26C81240 /* NamelistaApp.swift in Sources */,
				40F9F235B06DECF7AC5048D9 /* WheelView.swift in Sources */,
			);
			runOnlyForDeploymentPostprocessing = 0;
		};
/* End PBXSourcesBuildPhase section */

/* Begin XCBuildConfiguration section */
		C8E2E45A46ECC1AFB06F5803 /* Release */ = {
			isa = XCBuildConfiguration;
			buildSettings = {
				ALWAYS_SEARCH_USER_PATHS = NO;
				CLANG_ANALYZER_NONNULL = YES;
				CLANG_ANALYZER_NUMBER_OBJECT_CONVERSION = YES_AGGRESSIVE;
				CLANG_CXX_LANGUAGE_STANDARD = "gnu++14";
				CLANG_CXX_LIBRARY = "libc++";
				CLANG_ENABLE_MODULES = YES;
				CLANG_ENABLE_OBJC_ARC = YES;
				CLANG_ENABLE_OBJC_WEAK = YES;
				CLANG_WARN_BLOCK_CAPTURE_AUTORELEASING = YES;
				CLANG_WARN_BOOL_CONVERSION = YES;
				CLANG_WARN_COMMA = YES;
				CLANG_WARN_CONSTANT_CONVERSION = YES;
				CLANG_WARN_DEPRECATED_OBJC_IMPLEMENTATIONS = YES;
				CLANG_WARN_DIRECT_OBJC_ISA_USAGE = YES_ERROR;
				CLANG_WARN_DOCUMENTATION_COMMENTS = YES;
				CLANG_WARN_EMPTY_BODY = YES;
				CLANG_WARN_ENUM_CONVERSION = YES;
				CLANG_WARN_INFINITE_RECURSION = YES;
				CLANG_WARN_INT_CONVERSION = YES;
				CLANG_WARN_NON_LITERAL_NULL_CONVERSION = YES;
				CLANG_WARN_OBJC_IMPLICIT_RETAIN_SELF = YES;
				CLANG_WARN_OBJC_LITERAL_CONVERSION = YES;
				CLANG_WARN_OBJC_ROOT_CLASS = YES_ERROR;
				CLANG_WARN_QUOTED_INCLUDE_IN_FRAMEWORK_HEADER = YES;
				CLANG_WARN_RANGE_LOOP_ANALYSIS = YES;
				CLANG_WARN_STRICT_PROTOTYPES = YES;
				CLANG_WARN_SUSPICIOUS_MOVE = YES;
				CLANG_WARN_UNGUARDED_AVAILABILITY = YES_AGGRESSIVE;
				CLANG_WARN_UNREACHABLE_CODE = YES;
				CLANG_WARN__DUPLICATE_METHOD_MATCH = YES;
				COPY_PHASE_STRIP = NO;
				DEBUG_INFORMATION_FORMAT = "dwarf-with-dsym";
				ENABLE_NS_ASSERTIONS = NO;
				ENABLE_STRICT_OBJC_MSGSEND = YES;
				GCC_C_LANGUAGE_STANDARD = gnu11;
				GCC_NO_COMMON_BLOCKS = YES;
				GCC_WARN_64_TO_32_BIT_CONVERSION = YES;
				GCC_WARN_ABOUT_RETURN_TYPE = YES_ERROR;
				GCC_WARN_UNDECLARED_SELECTOR = YES;
				GCC_WARN_UNINITIALIZED_AUTOS = YES_AGGRESSIVE;
				GCC_WARN_UNUSED_FUNCTION = YES;
				GCC_WARN_UNUSED_VARIABLE = YES;
				MTL_ENABLE_DEBUG_INFO = NO;
				MTL_FAST_MATH = YES;
				PRODUCT_NAME = "$(TARGET_NAME)";
				SDKROOT = iphoneos;
				SWIFT_COMPILATION_MODE = wholemodule;
				SWIFT_OPTIMIZATION_LEVEL = "-O";
				SWIFT_VERSION = 5.0;
			};
			name = Release;
		};
		D413CBAF4019D66C280A0F42 /* Debug */ = {
			isa = XCBuildConfiguration;
			buildSettings = {
				ALWAYS_SEARCH_USER_PATHS = NO;
				CLANG_ANALYZER_NONNULL = YES;
				CLANG_ANALYZER_NUMBER_OBJECT_CONVERSION = YES_AGGRESSIVE;
				CLANG_CXX_LANGUAGE_STANDARD = "gnu++14";
				CLANG_CXX_LIBRARY = "libc++";
				CLANG_ENABLE_MODULES = YES;
				CLANG_ENABLE_OBJC_ARC = YES;
				CLANG_ENABLE_OBJC_WEAK = YES;
				CLANG_WARN_BLOCK_CAPTURE_AUTORELEASING = YES;
				CLANG_WARN_BOOL_CONVERSION = YES;
				CLANG_WARN_COMMA = YES;
				CLANG_WARN_CONSTANT_CONVERSION = YES;
				CLANG_WARN_DEPRECATED_OBJC_IMPLEMENTATIONS = YES;
				CLANG_WARN_DIRECT_OBJC_ISA_USAGE = YES_ERROR;
				CLANG_WARN_DOCUMENTATION_COMMENTS = YES;
				CLANG_WARN_EMPTY_BODY = YES;
				CLANG_WARN_ENUM_CONVERSION = YES;
				CLANG_WARN_INFINITE_RECURSION = YES;
				CLANG_WARN_INT_CONVERSION = YES;
				CLANG_WARN_NON_LITERAL_NULL_CONVERSION = YES;
				CLANG_WARN_OBJC_IMPLICIT_RETAIN_SELF = YES;
				CLANG_WARN_OBJC_LITERAL_CONVERSION = YES;
				CLANG_WARN_OBJC_ROOT_CLASS = YES_ERROR;
				CLANG_WARN_QUOTED_INCLUDE_IN_FRAMEWORK_HEADER = YES;
				CLANG_WARN_RANGE_LOOP_ANALYSIS = YES;
				CLANG_WARN_STRICT_PROTOTYPES = YES;
				CLANG_WARN_SUSPICIOUS_MOVE = YES;
				CLANG_WARN_UNGUARDED_AVAILABILITY = YES_AGGRESSIVE;
				CLANG_WARN_UNREACHABLE_CODE = YES;
				CLANG_WARN__DUPLICATE_METHOD_MATCH = YES;
				COPY_PHASE_STRIP = NO;
				DEBUG_INFORMATION_FORMAT = dwarf;
				ENABLE_STRICT_OBJC_MSGSEND = YES;
				ENABLE_TESTABILITY = YES;
				GCC_C_LANGUAGE_STANDARD = gnu11;
				GCC_DYNAMIC_NO_PIC = NO;
				GCC_NO_COMMON_BLOCKS = YES;
				GCC_OPTIMIZATION_LEVEL = 0;
				GCC_PREPROCESSOR_DEFINITIONS = (
					"$(inherited)",
					"DEBUG=1",
				);
				GCC_WARN_64_TO_32_BIT_CONVERSION = YES;
				GCC_WARN_ABOUT_RETURN_TYPE = YES_ERROR;
				GCC_WARN_UNDECLARED_SELECTOR = YES;
				GCC_WARN_UNINITIALIZED_AUTOS = YES_AGGRESSIVE;
				GCC_WARN_UNUSED_FUNCTION = YES;
				GCC_WARN_UNUSED_VARIABLE = YES;
				MTL_ENABLE_DEBUG_INFO = INCLUDE_SOURCE;
				MTL_FAST_MATH = YES;
				ONLY_ACTIVE_ARCH = YES;
				PRODUCT_NAME = "$(TARGET_NAME)";
				SDKROOT = iphoneos;
				SWIFT_ACTIVE_COMPILATION_CONDITIONS = DEBUG;
				SWIFT_OPTIMIZATION_LEVEL = "-Onone";
				SWIFT_VERSION = 5.0;
			};
			name = Debug;
		};
		E0AE92C40EFAACE0102308E2 /* Release */ = {
			isa = XCBuildConfiguration;
			buildSettings = {
				ASSETCATALOG_COMPILER_APPICON_NAME = AppIcon;
				CODE_SIGN_IDENTITY = "iPhone Developer";
				INFOPLIST_FILE = Info.plist;
				IPHONEOS_DEPLOYMENT_TARGET = 16.0;
				LD_RUNPATH_SEARCH_PATHS = (
					"$(inherited)",
					"@executable_path/Frameworks",
				);
				PRODUCT_BUNDLE_IDENTIFIER = com.example.Namelista;
				SDKROOT = iphoneos;
				SWIFT_VERSION = 5.0;
				TARGETED_DEVICE_FAMILY = "1,2";
			};
			name = Release;
		};
		E9A65ACBD6D525F87660DCF3 /* Debug */ = {
			isa = XCBuildConfiguration;
			buildSettings = {
				ASSETCATALOG_COMPILER_APPICON_NAME = AppIcon;
				CODE_SIGN_IDENTITY = "iPhone Developer";
				INFOPLIST_FILE = Info.plist;
				IPHONEOS_DEPLOYMENT_TARGET = 16.0;
				LD_RUNPATH_SEARCH_PATHS = (
					"$(inherited)",
					"@executable_path/Frameworks",
				);
				PRODUCT_BUNDLE_IDENTIFIER = com.example.Namelista;
				SDKROOT = iphoneos;
				SWIFT_VERSION = 5.0;
				TARGETED_DEVICE_FAMILY = "1,2";
			};
			name = Debug;
		};
/* End XCBuildConfiguration section */

/* Begin XCConfigurationList section */
		47F3452B563435A38101C867 /* Build configuration list for PBXProject "Namelista" */ = {
			isa = XCConfigurationList;
			buildConfigurations = (
				D413CBAF4019D66C280A0F42 /* Debug */,
				C8E2E45A46ECC1AFB06F5803 /* Release */,
			);
			defaultConfigurationIsVisible = 0;
			defaultConfigurationName = Debug;
		};
		6FABD8DA6430E4C02FF39E24 /* Build configuration list for PBXNativeTarget "Namelista" */ = {
			isa = XCConfigurationList;
			buildConfigurations = (
				E9A65ACBD6D525F87660DCF3 /* Debug */,
				E0AE92C40EFAACE0102308E2 /* Release */,
			);
			defaultConfigurationIsVisible = 0;
			defaultConfigurationName = Debug;
		};
/* End XCConfigurationList section */
	};
	rootObject = 988AD3F4C3988F6C657FB5DB /* Project object */;
}
